
Microsoft Visual Studio Solution File, Format Version 12.00
# Visual Studio Version 17
VisualStudioVersion = 17.14.37012.4 d17.14
MinimumVisualStudioVersion = 10.0.40219.1
Project("{FAE04EC0-301F-11D3-BF4B-00C04F79EFBC}") = "Aplicacion_BIbliodesk", "Aplicacion_BIbliodesk\Aplicacion_BIbliodesk.csproj", "{BDD1E0CA-451A-4530-AC4B-2B87F852161F}"
EndProject
Global
	GlobalSection(SolutionConfigurationPlatforms) = preSolution
		Debug|Any CPU = Debug|Any CPU
		Release|Any CPU = Release|Any CPU
	EndGlobalSection
	GlobalSection(ProjectConfigurationPlatforms) = postSolution
		{BDD1E0CA-451A-4530-AC4B-2B87F852161F}.Debug|Any CPU.ActiveCfg = Debug|Any CPU
		{BDD1E0CA-451A-4530-AC4B-2B87F852161F}.Debug|Any CPU.Build.0 = Debug|Any CPU
		{BDD1E0CA-451A-4530-AC4B-2B87F852161F}.Release|Any CPU.ActiveCfg = Release|Any CPU
		{BDD1E0CA-451A-4530-AC4B-2B87F852161F}.Release|Any CPU.Build.0 = Release|Any CPU
	EndGlobalSection
	GlobalSection(SolutionProperties) = preSolution
		HideSolutionNode = FALSE
	EndGlobalSection
	GlobalSection(ExtensibilityGlobals) = postSolution
		SolutionGuid = {59588AC5-84D6-4BC4-878F-1E444B8699F1}
	EndGlobalSection
EndGlobal
